
Microsoft Visual Studio Solution File, Format Version 12.00
# Visual Studio 15
VisualStudioVersion = 15.0.27130.2020
MinimumVisualStudioVersion = 10.0.40219.1
Project("{FAE04EC0-301F-11D3-BF4B-00C04F79EFBC}") = "AspNetCoreAngular", "AspNetCoreAngular\AspNetCoreAngular.csproj", "{09F7BEFD-9128-4CA7-AAF9-21DCB74E52CC}"
EndProject
Global
	GlobalSection(SolutionConfigurationPlatforms) = preSolution
		Debug|Any CPU = Debug|Any CPU
		Release|Any CPU = Release|Any CPU
	EndGlobalSection
	GlobalSection(ProjectConfigurationPlatforms) = postSolution
		{09F7BEFD-9128-4CA7-AAF9-21DCB74E52CC}.Debug|Any CPU.ActiveCfg = Debug|Any CPU
		{09F7BEFD-9128-4CA7-AAF9-21DCB74E52CC}.Debug|Any CPU.Build.0 = Debug|Any CPU
		{09F7BEFD-9128-4CA7-AAF9-21DCB74E52CC}.Release|Any CPU.ActiveCfg = Release|Any CPU
		{09F7BEFD-9128-4CA7-AAF9-21DCB74E52CC}.Release|Any CPU.Build.0 = Release|Any CPU
	EndGlobalSection
	GlobalSection(SolutionProperties) = preSolution
		HideSolutionNode = FALSE
	EndGlobalSection
	GlobalSection(ExtensibilityGlobals) = postSolution
		SolutionGuid = {95067EC1-4CBF-4910-8F49-D2E97AEDA9A6}
	EndGlobalSection
EndGlobal
